# Code generated by scarb DO NOT EDIT.
version = 1

[[package]]
name = "nebula"
version = "0.1.0"
dependencies = [
 "snforge_std",
]

[[package]]
name = "snforge_scarb_plugin"
version = "0.1.0"
source = "git+https://github.com/foundry-rs/starknet-foundry#86c30c925a55aa82b2b60a83f4ea24fbe43f8c33"

[[package]]
name = "snforge_std"
version = "0.28.0"
source = "git+https://github.com/foundry-rs/starknet-foundry#86c30c925a55aa82b2b60a83f4ea24fbe43f8c33"
dependencies = [
 "snforge_scarb_plugin",
]
